
Microsoft Visual Studio Solution File, Format Version 12.00
# Visual Studio Version 17
VisualStudioVersion = 17.6.33717.318
MinimumVisualStudioVersion = 10.0.40219.1
Project("{2150E333-8FDC-42A3-9474-1A3956D46DE8}") = "src", "src", "{7D8F2E28-192C-49DD-B471-0585DE32EE8E}"
EndProject
Project("{2150E333-8FDC-42A3-9474-1A3956D46DE8}") = "SolutionItems", "SolutionItems", "{8911508E-201F-4E9B-BDB2-86D25E6E5AD1}"
	ProjectSection(SolutionItems) = preProject
		ServiceUrls.txt = ServiceUrls.txt
	EndProjectSection
EndProject
Project("{2150E333-8FDC-42A3-9474-1A3956D46DE8}") = "ApiGateways", "ApiGateways", "{573786BF-C826-4F3B-B361-170233BB7193}"
EndProject
Project("{2150E333-8FDC-42A3-9474-1A3956D46DE8}") = "BuildingBlocks", "BuildingBlocks", "{4ED7DD24-8369-438A-992D-3C32E56E68B7}"
EndProject
Project("{2150E333-8FDC-42A3-9474-1A3956D46DE8}") = "Services", "Services", "{C00B2F8A-90E8-46E2-8458-19897DF1BE31}"
EndProject
Project("{2150E333-8FDC-42A3-9474-1A3956D46DE8}") = "Clients", "Clients", "{F3665CC7-E5A7-4936-A61E-93C1D75FCA86}"
EndProject
Project("{2150E333-8FDC-42A3-9474-1A3956D46DE8}") = "WebApiGateway", "WebApiGateway", "{14E258B2-22FF-4A20-B7EF-07456E7DF109}"
EndProject
Project("{9A19103F-16F7-4668-BE54-9A1E7A4F7556}") = "WebApiGateway", "src\ApiGateways\WebApiGateway\WebApiGateway\WebApiGateway.csproj", "{B69D58B8-AF18-4610-AD4E-D01CD43818FC}"
EndProject
Project("{2150E333-8FDC-42A3-9474-1A3956D46DE8}") = "EventBus", "EventBus", "{BE43CD04-E793-460A-8A52-2F4404C6F367}"
EndProject
Project("{9A19103F-16F7-4668-BE54-9A1E7A4F7556}") = "EventBusBase", "src\BuildingBlocks\EventBus\EventBusBase\EventBusBase.csproj", "{2AD38726-6A95-4E94-A0BB-377080F2FB5D}"
EndProject
Project("{9A19103F-16F7-4668-BE54-9A1E7A4F7556}") = "EventBusFactory", "src\BuildingBlocks\EventBus\EventBusFactory\EventBusFactory.csproj", "{950248E2-6AF0-49DD-B272-D6CE77B65D35}"
EndProject
Project("{9A19103F-16F7-4668-BE54-9A1E7A4F7556}") = "EventBusAzureServiceBus", "src\BuildingBlocks\EventBus\EventBusAzureServiceBus\EventBusAzureServiceBus.csproj", "{CD53914C-B135-4EB5-92D4-C0F8FEE85E64}"
EndProject
Project("{9A19103F-16F7-4668-BE54-9A1E7A4F7556}") = "EventBusRabbitMQ", "src\BuildingBlocks\EventBus\EventBusRabbitMQ\EventBusRabbitMQ.csproj", "{D53F7638-F118-4A89-B03F-2364A44F615D}"
EndProject
Project("{2150E333-8FDC-42A3-9474-1A3956D46DE8}") = "BlazorWebApp", "BlazorWebApp", "{C2F1DBDA-B598-4A08-A790-076BF32A1414}"
EndProject
Project("{9A19103F-16F7-4668-BE54-9A1E7A4F7556}") = "WebApp", "src\Clients\BlazorWebApp\WebApp\WebApp.csproj", "{D2D8DBB4-A0F8-46A0-9B93-415F93627552}"
EndProject
Project("{2150E333-8FDC-42A3-9474-1A3956D46DE8}") = "BasketService", "BasketService", "{FAED88C1-D037-4FDB-A02A-1EE71E862AF1}"
EndProject
Project("{9A19103F-16F7-4668-BE54-9A1E7A4F7556}") = "BasketServiceApi", "src\Services\BasketService\BasketServiceApi\BasketServiceApi.csproj", "{047D6FA9-27E4-4592-81C6-0E1EE0AFE226}"
EndProject
Project("{FAE04EC0-301F-11D3-BF4B-00C04F79EFBC}") = "CatalogServiceApi", "src\Services\CatalogServiceApi\CatalogServiceApi.csproj", "{D3C16E9C-39DC-429D-8843-6EF465FC84CA}"
EndProject
Project("{2150E333-8FDC-42A3-9474-1A3956D46DE8}") = "CatalogService", "CatalogService", "{F637DC79-5298-4CDC-A50F-C9E1A8D7053D}"
EndProject
Project("{2150E333-8FDC-42A3-9474-1A3956D46DE8}") = "IdentityService", "IdentityService", "{4F12E26B-7A7F-47DB-91FC-00B59DD627BF}"
EndProject
Project("{9A19103F-16F7-4668-BE54-9A1E7A4F7556}") = "IdentityServiceApi", "src\Services\IdentityService\IdentityServiceApi\IdentityServiceApi.csproj", "{0197AD8E-67ED-4CCA-80AC-C28B08D60D18}"
EndProject
Project("{2150E333-8FDC-42A3-9474-1A3956D46DE8}") = "NotificationService", "NotificationService", "{68452A89-104D-4884-8162-4175BF9E3337}"
EndProject
Project("{FAE04EC0-301F-11D3-BF4B-00C04F79EFBC}") = "NotificationService", "src\Services\NotificationService\NotificationService\NotificationService.csproj", "{5FEC4294-376A-4A4B-90BD-B46BDB4AB46A}"
EndProject
Project("{2150E333-8FDC-42A3-9474-1A3956D46DE8}") = "OrderService", "OrderService", "{6C3DB3E8-73C1-4D42-A360-0FB593038CB7}"
EndProject
Project("{FAE04EC0-301F-11D3-BF4B-00C04F79EFBC}") = "OrderServiceDomain", "src\Services\OrderService\OrderServiceDomain\OrderServiceDomain.csproj", "{CAB100A3-D60D-4374-B6B1-E8513D428979}"
EndProject
Project("{FAE04EC0-301F-11D3-BF4B-00C04F79EFBC}") = "OrderServiceApplication", "src\Services\OrderService\OrderServiceApplication\OrderServiceApplication.csproj", "{DAAC108A-CC5E-4724-88E9-E3953F9D911F}"
EndProject
Project("{FAE04EC0-301F-11D3-BF4B-00C04F79EFBC}") = "OrderServiceInfrastructure", "src\Services\OrderService\OrderServiceInfrastructure\OrderServiceInfrastructure.csproj", "{69C21A28-5BA4-40F9-B0E7-4266C1AE196F}"
EndProject
Project("{FAE04EC0-301F-11D3-BF4B-00C04F79EFBC}") = "OrderServiceApi", "src\Services\OrderService\OrderServiceApi\OrderServiceApi.csproj", "{53514091-0299-4112-92FE-89A9F678ABC4}"
EndProject
Project("{2150E333-8FDC-42A3-9474-1A3956D46DE8}") = "PaymentService", "PaymentService", "{3E45B2DF-7017-4A4D-9242-A88CB3063B79}"
EndProject
Project("{FAE04EC0-301F-11D3-BF4B-00C04F79EFBC}") = "PaymentServiceApi", "src\Services\PaymentService\PaymentServiceApi\PaymentServiceApi.csproj", "{C1AA86DD-93D3-496D-90DC-F6630D29B17F}"
EndProject
Global
	GlobalSection(SolutionConfigurationPlatforms) = preSolution
		Debug|Any CPU = Debug|Any CPU
		Release|Any CPU = Release|Any CPU
	EndGlobalSection
	GlobalSection(ProjectConfigurationPlatforms) = postSolution
		{B69D58B8-AF18-4610-AD4E-D01CD43818FC}.Debug|Any CPU.ActiveCfg = Debug|Any CPU
		{B69D58B8-AF18-4610-AD4E-D01CD43818FC}.Debug|Any CPU.Build.0 = Debug|Any CPU
		{B69D58B8-AF18-4610-AD4E-D01CD43818FC}.Release|Any CPU.ActiveCfg = Release|Any CPU
		{B69D58B8-AF18-4610-AD4E-D01CD43818FC}.Release|Any CPU.Build.0 = Release|Any CPU
		{2AD38726-6A95-4E94-A0BB-377080F2FB5D}.Debug|Any CPU.ActiveCfg = Debug|Any CPU
		{2AD38726-6A95-4E94-A0BB-377080F2FB5D}.Debug|Any CPU.Build.0 = Debug|Any CPU
		{2AD38726-6A95-4E94-A0BB-377080F2FB5D}.Release|Any CPU.ActiveCfg = Release|Any CPU
		{2AD38726-6A95-4E94-A0BB-377080F2FB5D}.Release|Any CPU.Build.0 = Release|Any CPU
		{950248E2-6AF0-49DD-B272-D6CE77B65D35}.Debug|Any CPU.ActiveCfg = Debug|Any CPU
		{950248E2-6AF0-49DD-B272-D6CE77B65D35}.Debug|Any CPU.Build.0 = Debug|Any CPU
		{950248E2-6AF0-49DD-B272-D6CE77B65D35}.Release|Any CPU.ActiveCfg = Release|Any CPU
		{950248E2-6AF0-49DD-B272-D6CE77B65D35}.Release|Any CPU.Build.0 = Release|Any CPU
		{CD53914C-B135-4EB5-92D4-C0F8FEE85E64}.Debug|Any CPU.ActiveCfg = Debug|Any CPU
		{CD53914C-B135-4EB5-92D4-C0F8FEE85E64}.Debug|Any CPU.Build.0 = Debug|Any CPU
		{CD53914C-B135-4EB5-92D4-C0F8FEE85E64}.Release|Any CPU.ActiveCfg = Release|Any CPU
		{CD53914C-B135-4EB5-92D4-C0F8FEE85E64}.Release|Any CPU.Build.0 = Release|Any CPU
		{D53F7638-F118-4A89-B03F-2364A44F615D}.Debug|Any CPU.ActiveCfg = Debug|Any CPU
		{D53F7638-F118-4A89-B03F-2364A44F615D}.Debug|Any CPU.Build.0 = Debug|Any CPU
		{D53F7638-F118-4A89-B03F-2364A44F615D}.Release|Any CPU.ActiveCfg = Release|Any CPU
		{D53F7638-F118-4A89-B03F-2364A44F615D}.Release|Any CPU.Build.0 = Release|Any CPU
		{D2D8DBB4-A0F8-46A0-9B93-415F93627552}.Debug|Any CPU.ActiveCfg = Debug|Any CPU
		{D2D8DBB4-A0F8-46A0-9B93-415F93627552}.Debug|Any CPU.Build.0 = Debug|Any CPU
		{D2D8DBB4-A0F8-46A0-9B93-415F93627552}.Release|Any CPU.ActiveCfg = Release|Any CPU
		{D2D8DBB4-A0F8-46A0-9B93-415F93627552}.Release|Any CPU.Build.0 = Release|Any CPU
		{047D6FA9-27E4-4592-81C6-0E1EE0AFE226}.Debug|Any CPU.ActiveCfg = Debug|Any CPU
		{047D6FA9-27E4-4592-81C6-0E1EE0AFE226}.Debug|Any CPU.Build.0 = Debug|Any CPU
		{047D6FA9-27E4-4592-81C6-0E1EE0AFE226}.Release|Any CPU.ActiveCfg = Release|Any CPU
		{047D6FA9-27E4-4592-81C6-0E1EE0AFE226}.Release|Any CPU.Build.0 = Release|Any CPU
		{D3C16E9C-39DC-429D-8843-6EF465FC84CA}.Debug|Any CPU.ActiveCfg = Debug|Any CPU
		{D3C16E9C-39DC-429D-8843-6EF465FC84CA}.Debug|Any CPU.Build.0 = Debug|Any CPU
		{D3C16E9C-39DC-429D-8843-6EF465FC84CA}.Release|Any CPU.ActiveCfg = Release|Any CPU
		{D3C16E9C-39DC-429D-8843-6EF465FC84CA}.Release|Any CPU.Build.0 = Release|Any CPU
		{0197AD8E-67ED-4CCA-80AC-C28B08D60D18}.Debug|Any CPU.ActiveCfg = Debug|Any CPU
		{0197AD8E-67ED-4CCA-80AC-C28B08D60D18}.Debug|Any CPU.Build.0 = Debug|Any CPU
		{0197AD8E-67ED-4CCA-80AC-C28B08D60D18}.Release|Any CPU.ActiveCfg = Release|Any CPU
		{0197AD8E-67ED-4CCA-80AC-C28B08D60D18}.Release|Any CPU.Build.0 = Release|Any CPU
		{5FEC4294-376A-4A4B-90BD-B46BDB4AB46A}.Debug|Any CPU.ActiveCfg = Debug|Any CPU
		{5FEC4294-376A-4A4B-90BD-B46BDB4AB46A}.Debug|Any CPU.Build.0 = Debug|Any CPU
		{5FEC4294-376A-4A4B-90BD-B46BDB4AB46A}.Release|Any CPU.ActiveCfg = Release|Any CPU
		{5FEC4294-376A-4A4B-90BD-B46BDB4AB46A}.Release|Any CPU.Build.0 = Release|Any CPU
		{CAB100A3-D60D-4374-B6B1-E8513D428979}.Debug|Any CPU.ActiveCfg = Debug|Any CPU
		{CAB100A3-D60D-4374-B6B1-E8513D428979}.Debug|Any CPU.Build.0 = Debug|Any CPU
		{CAB100A3-D60D-4374-B6B1-E8513D428979}.Release|Any CPU.ActiveCfg = Release|Any CPU
		{CAB100A3-D60D-4374-B6B1-E8513D428979}.Release|Any CPU.Build.0 = Release|Any CPU
		{DAAC108A-CC5E-4724-88E9-E3953F9D911F}.Debug|Any CPU.ActiveCfg = Debug|Any CPU
		{DAAC108A-CC5E-4724-88E9-E3953F9D911F}.Debug|Any CPU.Build.0 = Debug|Any CPU
		{DAAC108A-CC5E-4724-88E9-E3953F9D911F}.Release|Any CPU.ActiveCfg = Release|Any CPU
		{DAAC108A-CC5E-4724-88E9-E3953F9D911F}.Release|Any CPU.Build.0 = Release|Any CPU
		{69C21A28-5BA4-40F9-B0E7-4266C1AE196F}.Debug|Any CPU.ActiveCfg = Debug|Any CPU
		{69C21A28-5BA4-40F9-B0E7-4266C1AE196F}.Debug|Any CPU.Build.0 = Debug|Any CPU
		{69C21A28-5BA4-40F9-B0E7-4266C1AE196F}.Release|Any CPU.ActiveCfg = Release|Any CPU
		{69C21A28-5BA4-40F9-B0E7-4266C1AE196F}.Release|Any CPU.Build.0 = Release|Any CPU
		{53514091-0299-4112-92FE-89A9F678ABC4}.Debug|Any CPU.ActiveCfg = Debug|Any CPU
		{53514091-0299-4112-92FE-89A9F678ABC4}.Debug|Any CPU.Build.0 = Debug|Any CPU
		{53514091-0299-4112-92FE-89A9F678ABC4}.Release|Any CPU.ActiveCfg = Release|Any CPU
		{53514091-0299-4112-92FE-89A9F678ABC4}.Release|Any CPU.Build.0 = Release|Any CPU
		{C1AA86DD-93D3-496D-90DC-F6630D29B17F}.Debug|Any CPU.ActiveCfg = Debug|Any CPU
		{C1AA86DD-93D3-496D-90DC-F6630D29B17F}.Debug|Any CPU.Build.0 = Debug|Any CPU
		{C1AA86DD-93D3-496D-90DC-F6630D29B17F}.Release|Any CPU.ActiveCfg = Release|Any CPU
		{C1AA86DD-93D3-496D-90DC-F6630D29B17F}.Release|Any CPU.Build.0 = Release|Any CPU
	EndGlobalSection
	GlobalSection(SolutionProperties) = preSolution
		HideSolutionNode = FALSE
	EndGlobalSection
	GlobalSection(NestedProjects) = preSolution
		{573786BF-C826-4F3B-B361-170233BB7193} = {7D8F2E28-192C-49DD-B471-0585DE32EE8E}
		{4ED7DD24-8369-438A-992D-3C32E56E68B7} = {7D8F2E28-192C-49DD-B471-0585DE32EE8E}
		{C00B2F8A-90E8-46E2-8458-19897DF1BE31} = {7D8F2E28-192C-49DD-B471-0585DE32EE8E}
		{F3665CC7-E5A7-4936-A61E-93C1D75FCA86} = {7D8F2E28-192C-49DD-B471-0585DE32EE8E}
		{14E258B2-22FF-4A20-B7EF-07456E7DF109} = {573786BF-C826-4F3B-B361-170233BB7193}
		{B69D58B8-AF18-4610-AD4E-D01CD43818FC} = {14E258B2-22FF-4A20-B7EF-07456E7DF109}
		{BE43CD04-E793-460A-8A52-2F4404C6F367} = {4ED7DD24-8369-438A-992D-3C32E56E68B7}
		{2AD38726-6A95-4E94-A0BB-377080F2FB5D} = {BE43CD04-E793-460A-8A52-2F4404C6F367}
		{950248E2-6AF0-49DD-B272-D6CE77B65D35} = {BE43CD04-E793-460A-8A52-2F4404C6F367}
		{CD53914C-B135-4EB5-92D4-C0F8FEE85E64} = {BE43CD04-E793-460A-8A52-2F4404C6F367}
		{D53F7638-F118-4A89-B03F-2364A44F615D} = {BE43CD04-E793-460A-8A52-2F4404C6F367}
		{C2F1DBDA-B598-4A08-A790-076BF32A1414} = {F3665CC7-E5A7-4936-A61E-93C1D75FCA86}
		{D2D8DBB4-A0F8-46A0-9B93-415F93627552} = {C2F1DBDA-B598-4A08-A790-076BF32A1414}
		{FAED88C1-D037-4FDB-A02A-1EE71E862AF1} = {C00B2F8A-90E8-46E2-8458-19897DF1BE31}
		{047D6FA9-27E4-4592-81C6-0E1EE0AFE226} = {FAED88C1-D037-4FDB-A02A-1EE71E862AF1}
		{D3C16E9C-39DC-429D-8843-6EF465FC84CA} = {F637DC79-5298-4CDC-A50F-C9E1A8D7053D}
		{F637DC79-5298-4CDC-A50F-C9E1A8D7053D} = {C00B2F8A-90E8-46E2-8458-19897DF1BE31}
		{4F12E26B-7A7F-47DB-91FC-00B59DD627BF} = {C00B2F8A-90E8-46E2-8458-19897DF1BE31}
		{0197AD8E-67ED-4CCA-80AC-C28B08D60D18} = {4F12E26B-7A7F-47DB-91FC-00B59DD627BF}
		{68452A89-104D-4884-8162-4175BF9E3337} = {C00B2F8A-90E8-46E2-8458-19897DF1BE31}
		{5FEC4294-376A-4A4B-90BD-B46BDB4AB46A} = {68452A89-104D-4884-8162-4175BF9E3337}
		{6C3DB3E8-73C1-4D42-A360-0FB593038CB7} = {C00B2F8A-90E8-46E2-8458-19897DF1BE31}
		{CAB100A3-D60D-4374-B6B1-E8513D428979} = {6C3DB3E8-73C1-4D42-A360-0FB593038CB7}
		{DAAC108A-CC5E-4724-88E9-E3953F9D911F} = {6C3DB3E8-73C1-4D42-A360-0FB593038CB7}
		{69C21A28-5BA4-40F9-B0E7-4266C1AE196F} = {6C3DB3E8-73C1-4D42-A360-0FB593038CB7}
		{53514091-0299-4112-92FE-89A9F678ABC4} = {6C3DB3E8-73C1-4D42-A360-0FB593038CB7}
		{3E45B2DF-7017-4A4D-9242-A88CB3063B79} = {C00B2F8A-90E8-46E2-8458-19897DF1BE31}
		{C1AA86DD-93D3-496D-90DC-F6630D29B17F} = {3E45B2DF-7017-4A4D-9242-A88CB3063B79}
	EndGlobalSection
	GlobalSection(ExtensibilityGlobals) = postSolution
		SolutionGuid = {103C226E-D120-4225-8EDB-7FBD9D85ADFA}
	EndGlobalSection
EndGlobal
